// !$*UTF8*$!
{
	archiveVersion = 1;
	classes = {
	};
	objectVersion = 46;
	objects = {

/* Begin PBXBuildFile section */
		6CDE4EB11B7C96E300DA9DCE /* first.cpp in Sources */ = {isa = PBXBuildFile; fileRef = 6CDE4EB01B7C96E300DA9DCE /* first.cpp */; };
		6CDE4EB91B7CA2E300DA9DCE /* second.c in Sources */ = {isa = PBXBuildFile; fileRef = 6CDE4EB71B7CA2E300DA9DCE /* second.c */; };
		6CDE4EC11B7D29E100DA9DCE /* main.m in Sources */ = {isa = PBXBuildFile; fileRef = 6CDE4EC01B7D29E100DA9DCE /* main.m */; };
		6CDE4ECC1B7D3F7300DA9DCE /* main.c in Sources */ = {isa = PBXBuildFile; fileRef = 6CDE4ECB1B7D3F7300DA9DCE /* main.c */; };
		6CDE4ED71B7D3F9800DA9DCE /* main.m in Sources */ = {isa = PBXBuildFile; fileRef = 6CDE4ED61B7D3F9800DA9DCE /* main.m */; };
/* End PBXBuildFile section */

/* Begin PBXCopyFilesBuildPhase section */
		6CDE4EAB1B7C96E300DA9DCE /* CopyFiles */ = {
			isa = PBXCopyFilesBuildPhase;
			buildActionMask = 2147483647;
			dstPath = /usr/share/man/man1/;
			dstSubfolderSpec = 0;
			files = (
			);
			runOnlyForDeploymentPostprocessing = 1;
		};
		6CDE4EBC1B7D29E100DA9DCE /* CopyFiles */ = {
			isa = PBXCopyFilesBuildPhase;
			buildActionMask = 2147483647;
			dstPath = /usr/share/man/man1/;
			dstSubfolderSpec = 0;
			files = (
			);
			runOnlyForDeploymentPostprocessing = 1;
		};
		6CDE4EC71B7D3F7300DA9DCE /* CopyFiles */ = {
			isa = PBXCopyFilesBuildPhase;
			buildActionMask = 2147483647;
			dstPath = /usr/share/man/man1/;
			dstSubfolderSpec = 0;
			files = (
			);
			runOnlyForDeploymentPostprocessing = 1;
		};
		6CDE4ED21B7D3F9800DA9DCE /* CopyFiles */ = {
			isa = PBXCopyFilesBuildPhase;
			buildActionMask = 2147483647;
			dstPath = /usr/share/man/man1/;
			dstSubfolderSpec = 0;
			files = (
			);
			runOnlyForDeploymentPostprocessing = 1;
		};
/* End PBXCopyFilesBuildPhase section */

/* Begin PBXFileReference section */
		6CDE4EAD1B7C96E300DA9DCE /* InterviewQuestions */ = {isa = PBXFileReference; explicitFileType = "compiled.mach-o.executable"; includeInIndex = 0; path = InterviewQuestions; sourceTree = BUILT_PRODUCTS_DIR; };
		6CDE4EB01B7C96E300DA9DCE /* first.cpp */ = {isa = PBXFileReference; lastKnownFileType = sourcecode.cpp.cpp; path = first.cpp; sourceTree = "<group>"; };
		6CDE4EB71B7CA2E300DA9DCE /* second.c */ = {isa = PBXFileReference; fileEncoding = 4; lastKnownFileType = sourcecode.c.c; path = second.c; sourceTree = "<group>"; };
		6CDE4EB81B7CA2E300DA9DCE /* second.hpp */ = {isa = PBXFileReference; fileEncoding = 4; lastKnownFileType = sourcecode.cpp.h; path = second.hpp; sourceTree = "<group>"; };
		6CDE4EBE1B7D29E100DA9DCE /* MaxCounters */ = {isa = PBXFileReference; explicitFileType = "compiled.mach-o.executable"; includeInIndex = 0; path = MaxCounters; sourceTree = BUILT_PRODUCTS_DIR; };
		6CDE4EC01B7D29E100DA9DCE /* main.m */ = {isa = PBXFileReference; lastKnownFileType = sourcecode.c.objc; path = main.m; sourceTree = "<group>"; };
		6CDE4EC91B7D3F7300DA9DCE /* objc */ = {isa = PBXFileReference; explicitFileType = "compiled.mach-o.executable"; includeInIndex = 0; path = objc; sourceTree = BUILT_PRODUCTS_DIR; };
		6CDE4ECB1B7D3F7300DA9DCE /* main.c */ = {isa = PBXFileReference; lastKnownFileType = sourcecode.c.c; path = main.c; sourceTree = "<group>"; };
		6CDE4ED41B7D3F9800DA9DCE /* pgfd */ = {isa = PBXFileReference; explicitFileType = "compiled.mach-o.executable"; includeInIndex = 0; path = pgfd; sourceTree = BUILT_PRODUCTS_DIR; };
		6CDE4ED61B7D3F9800DA9DCE /* main.m */ = {isa = PBXFileReference; lastKnownFileType = sourcecode.c.objc; path = main.m; sourceTree = "<group>"; };
/* End PBXFileReference section */

/* Begin PBXFrameworksBuildPhase section */
		6CDE4EAA1B7C96E300DA9DCE /* Frameworks */ = {
			isa = PBXFrameworksBuildPhase;
			buildActionMask = 2147483647;
			files = (
			);
			runOnlyForDeploymentPostprocessing = 0;
		};
		6CDE4EBB1B7D29E100DA9DCE /* Frameworks */ = {
			isa = PBXFrameworksBuildPhase;
			buildActionMask = 2147483647;
			files = (
			);
			runOnlyForDeploymentPostprocessing = 0;
		};
		6CDE4EC61B7D3F7300DA9DCE /* Frameworks */ = {
			isa = PBXFrameworksBuildPhase;
			buildActionMask = 2147483647;
			files = (
			);
			runOnlyForDeploymentPostprocessing = 0;
		};
		6CDE4ED11B7D3F9800DA9DCE /* Frameworks */ = {
			isa = PBXFrameworksBuildPhase;
			buildActionMask = 2147483647;
			files = (
			);
			runOnlyForDeploymentPostprocessing = 0;
		};
/* End PBXFrameworksBuildPhase section */

/* Begin PBXGroup section */
		6CDE4EA41B7C96E300DA9DCE = {
			isa = PBXGroup;
			children = (
				6CDE4EAF1B7C96E300DA9DCE /* InterviewQuestions */,
				6CDE4EBF1B7D29E100DA9DCE /* MaxCounters */,
				6CDE4ECA1B7D3F7300DA9DCE /* objc */,
				6CDE4ED51B7D3F9800DA9DCE /* pgfd */,
				6CDE4EAE1B7C96E300DA9DCE /* Products */,
			);
			sourceTree = "<group>";
		};
		6CDE4EAE1B7C96E300DA9DCE /* Products */ = {
			isa = PBXGroup;
			children = (
				6CDE4EAD1B7C96E300DA9DCE /* InterviewQuestions */,
				6CDE4EBE1B7D29E100DA9DCE /* MaxCounters */,
				6CDE4EC91B7D3F7300DA9DCE /* objc */,
				6CDE4ED41B7D3F9800DA9DCE /* pgfd */,
			);
			name = Products;
			sourceTree = "<group>";
		};
		6CDE4EAF1B7C96E300DA9DCE /* InterviewQuestions */ = {
			isa = PBXGroup;
			children = (
				6CDE4EB01B7C96E300DA9DCE /* first.cpp */,
				6CDE4EB71B7CA2E300DA9DCE /* second.c */,
				6CDE4EB81B7CA2E300DA9DCE /* second.hpp */,
			);
			path = InterviewQuestions;
			sourceTree = "<group>";
		};
		6CDE4EBF1B7D29E100DA9DCE /* MaxCounters */ = {
			isa = PBXGroup;
			children = (
				6CDE4EC01B7D29E100DA9DCE /* main.m */,
			);
			path = MaxCounters;
			sourceTree = "<group>";
		};
		6CDE4ECA1B7D3F7300DA9DCE /* objc */ = {
			isa = PBXGroup;
			children = (
				6CDE4ECB1B7D3F7300DA9DCE /* main.c */,
			);
			path = objc;
			sourceTree = "<group>";
		};
		6CDE4ED51B7D3F9800DA9DCE /* pgfd */ = {
			isa = PBXGroup;
			children = (
				6CDE4ED61B7D3F9800DA9DCE /* main.m */,
			);
			path = pgfd;
			sourceTree = "<group>";
		};
/* End PBXGroup section */

/* Begin PBXNativeTarget section */
		6CDE4EAC1B7C96E300DA9DCE /* InterviewQuestions */ = {
			isa = PBXNativeTarget;
			buildConfigurationList = 6CDE4EB41B7C96E300DA9DCE /* Build configuration list for PBXNativeTarget "InterviewQuestions" */;
			buildPhases = (
				6CDE4EA91B7C96E300DA9DCE /* Sources */,
				6CDE4EAA1B7C96E300DA9DCE /* Frameworks */,
				6CDE4EAB1B7C96E300DA9DCE /* CopyFiles */,
			);
			buildRules = (
			);
			dependencies = (
			);
			name = InterviewQuestions;
			productName = InterviewQuestions;
			productReference = 6CDE4EAD1B7C96E300DA9DCE /* InterviewQuestions */;
			productType = "com.apple.product-type.tool";
		};
		6CDE4EBD1B7D29E100DA9DCE /* MaxCounters */ = {
			isa = PBXNativeTarget;
			buildConfigurationList = 6CDE4EC41B7D29E100DA9DCE /* Build configuration list for PBXNativeTarget "MaxCounters" */;
			buildPhases = (
				6CDE4EBA1B7D29E100DA9DCE /* Sources */,
				6CDE4EBB1B7D29E100DA9DCE /* Frameworks */,
				6CDE4EBC1B7D29E100DA9DCE /* CopyFiles */,
			);
			buildRules = (
			);
			dependencies = (
			);
			name = MaxCounters;
			productName = MaxCounters;
			productReference = 6CDE4EBE1B7D29E100DA9DCE /* MaxCounters */;
			productType = "com.apple.product-type.tool";
		};
		6CDE4EC81B7D3F7300DA9DCE /* objc */ = {
			isa = PBXNativeTarget;
			buildConfigurationList = 6CDE4ECD1B7D3F7300DA9DCE /* Build configuration list for PBXNativeTarget "objc" */;
			buildPhases = (
				6CDE4EC51B7D3F7300DA9DCE /* Sources */,
				6CDE4EC61B7D3F7300DA9DCE /* Frameworks */,
				6CDE4EC71B7D3F7300DA9DCE /* CopyFiles */,
			);
			buildRules = (
			);
			dependencies = (
			);
			name = objc;
			productName = objc;
			productReference = 6CDE4EC91B7D3F7300DA9DCE /* objc */;
			productType = "com.apple.product-type.tool";
		};
		6CDE4ED31B7D3F9800DA9DCE /* pgfd */ = {
			isa = PBXNativeTarget;
			buildConfigurationList = 6CDE4ED81B7D3F9800DA9DCE /* Build configuration list for PBXNativeTarget "pgfd" */;
			buildPhases = (
				6CDE4ED01B7D3F9800DA9DCE /* Sources */,
				6CDE4ED11B7D3F9800DA9DCE /* Frameworks */,
				6CDE4ED21B7D3F9800DA9DCE /* CopyFiles */,
			);
			buildRules = (
			);
			dependencies = (
			);
			name = pgfd;
			productName = pgfd;
			productReference = 6CDE4ED41B7D3F9800DA9DCE /* pgfd */;
			productType = "com.apple.product-type.tool";
		};
/* End PBXNativeTarget section */

/* Begin PBXProject section */
		6CDE4EA51B7C96E300DA9DCE /* Project object */ = {
			isa = PBXProject;
			attributes = {
				LastUpgradeCheck = 0700;
				ORGANIZATIONNAME = "Max Bilbow";
				TargetAttributes = {
					6CDE4EAC1B7C96E300DA9DCE = {
						CreatedOnToolsVersion = 7.0;
					};
					6CDE4EBD1B7D29E100DA9DCE = {
						CreatedOnToolsVersion = 7.0;
					};
					6CDE4EC81B7D3F7300DA9DCE = {
						CreatedOnToolsVersion = 7.0;
					};
					6CDE4ED31B7D3F9800DA9DCE = {
						CreatedOnToolsVersion = 7.0;
					};
				};
			};
			buildConfigurationList = 6CDE4EA81B7C96E300DA9DCE /* Build configuration list for PBXProject "InterviewQuestions" */;
			compatibilityVersion = "Xcode 3.2";
			developmentRegion = English;
			hasScannedForEncodings = 0;
			knownRegions = (
				en,
			);
			mainGroup = 6CDE4EA41B7C96E300DA9DCE;
			productRefGroup = 6CDE4EAE1B7C96E300DA9DCE /* Products */;
			projectDirPath = "";
			projectRoot = "";
			targets = (
				6CDE4EAC1B7C96E300DA9DCE /* InterviewQuestions */,
				6CDE4EBD1B7D29E100DA9DCE /* MaxCounters */,
				6CDE4EC81B7D3F7300DA9DCE /* objc */,
				6CDE4ED31B7D3F9800DA9DCE /* pgfd */,
			);
		};
/* End PBXProject section */

/* Begin PBXSourcesBuildPhase section */
		6CDE4EA91B7C96E300DA9DCE /* Sources */ = {
			isa = PBXSourcesBuildPhase;
			buildActionMask = 2147483647;
			files = (
				6CDE4EB11B7C96E300DA9DCE /* first.cpp in Sources */,
				6CDE4EB91B7CA2E300DA9DCE /* second.c in Sources */,
			);
			runOnlyForDeploymentPostprocessing = 0;
		};
		6CDE4EBA1B7D29E100DA9DCE /* Sources */ = {
			isa = PBXSourcesBuildPhase;
			buildActionMask = 2147483647;
			files = (
				6CDE4EC11B7D29E100DA9DCE /* main.m in Sources */,
			);
			runOnlyForDeploymentPostprocessing = 0;
		};
		6CDE4EC51B7D3F7300DA9DCE /* Sources */ = {
			isa = PBXSourcesBuildPhase;
			buildActionMask = 2147483647;
			files = (
				6CDE4ECC1B7D3F7300DA9DCE /* main.c in Sources */,
			);
			runOnlyForDeploymentPostprocessing = 0;
		};
		6CDE4ED01B7D3F9800DA9DCE /* Sources */ = {
			isa = PBXSourcesBuildPhase;
			buildActionMask = 2147483647;
			files = (
				6CDE4ED71B7D3F9800DA9DCE /* main.m in Sources */,
			);
			runOnlyForDeploymentPostprocessing = 0;
		};
/* End PBXSourcesBuildPhase section */

/* Begin XCBuildConfiguration section */
		6CDE4EB21B7C96E300DA9DCE /* Debug */ = {
			isa = XCBuildConfiguration;
			buildSettings = {
				ALWAYS_SEARCH_USER_PATHS = NO;
				CLANG_CXX_LANGUAGE_STANDARD = "gnu++0x";
				CLANG_CXX_LIBRARY = "libc++";
				CLANG_ENABLE_MODULES = YES;
				CLANG_ENABLE_OBJC_ARC = YES;
				CLANG_WARN_BOOL_CONVERSION = YES;
				CLANG_WARN_CONSTANT_CONVERSION = YES;
				CLANG_WARN_DIRECT_OBJC_ISA_USAGE = YES_ERROR;
				CLANG_WARN_EMPTY_BODY = YES;
				CLANG_WARN_ENUM_CONVERSION = YES;
				CLANG_WARN_INT_CONVERSION = YES;
				CLANG_WARN_OBJC_ROOT_CLASS = YES_ERROR;
				CLANG_WARN_UNREACHABLE_CODE = YES;
				CLANG_WARN__DUPLICATE_METHOD_MATCH = YES;
				COPY_PHASE_STRIP = NO;
				DEBUG_INFORMATION_FORMAT = dwarf;
				ENABLE_STRICT_OBJC_MSGSEND = YES;
				ENABLE_TESTABILITY = YES;
				GCC_C_LANGUAGE_STANDARD = gnu99;
				GCC_DYNAMIC_NO_PIC = NO;
				GCC_NO_COMMON_BLOCKS = YES;
				GCC_OPTIMIZATION_LEVEL = 0;
				GCC_PREPROCESSOR_DEFINITIONS = (
					"DEBUG=1",
					"$(inherited)",
				);
				GCC_WARN_64_TO_32_BIT_CONVERSION = YES;
				GCC_WARN_ABOUT_RETURN_TYPE = YES_ERROR;
				GCC_WARN_UNDECLARED_SELECTOR = YES;
				GCC_WARN_UNINITIALIZED_AUTOS = YES_AGGRESSIVE;
				GCC_WARN_UNUSED_FUNCTION = YES;
				GCC_WARN_UNUSED_VARIABLE = YES;
				MACOSX_DEPLOYMENT_TARGET = 10.10;
				MTL_ENABLE_DEBUG_INFO = YES;
				ONLY_ACTIVE_ARCH = YES;
				SDKROOT = macosx;
			};
			name = Debug;
		};
		6CDE4EB31B7C96E300DA9DCE /* Release */ = {
			isa = XCBuildConfiguration;
			buildSettings = {
				ALWAYS_SEARCH_USER_PATHS = NO;
				CLANG_CXX_LANGUAGE_STANDARD = "gnu++0x";
				CLANG_CXX_LIBRARY = "libc++";
				CLANG_ENABLE_MODULES = YES;
				CLANG_ENABLE_OBJC_ARC = YES;
				CLANG_WARN_BOOL_CONVERSION = YES;
				CLANG_WARN_CONSTANT_CONVERSION = YES;
				CLANG_WARN_DIRECT_OBJC_ISA_USAGE = YES_ERROR;
				CLANG_WARN_EMPTY_BODY = YES;
				CLANG_WARN_ENUM_CONVERSION = YES;
				CLANG_WARN_INT_CONVERSION = YES;
				CLANG_WARN_OBJC_ROOT_CLASS = YES_ERROR;
				CLANG_WARN_UNREACHABLE_CODE = YES;
				CLANG_WARN__DUPLICATE_METHOD_MATCH = YES;
				COPY_PHASE_STRIP = NO;
				DEBUG_INFORMATION_FORMAT = "dwarf-with-dsym";
				ENABLE_NS_ASSERTIONS = NO;
				ENABLE_STRICT_OBJC_MSGSEND = YES;
				GCC_C_LANGUAGE_STANDARD = gnu99;
				GCC_NO_COMMON_BLOCKS = YES;
				GCC_WARN_64_TO_32_BIT_CONVERSION = YES;
				GCC_WARN_ABOUT_RETURN_TYPE = YES_ERROR;
				GCC_WARN_UNDECLARED_SELECTOR = YES;
				GCC_WARN_UNINITIALIZED_AUTOS = YES_AGGRESSIVE;
				GCC_WARN_UNUSED_FUNCTION = YES;
				GCC_WARN_UNUSED_VARIABLE = YES;
				MACOSX_DEPLOYMENT_TARGET = 10.10;
				MTL_ENABLE_DEBUG_INFO = NO;
				SDKROOT = macosx;
			};
			name = Release;
		};
		6CDE4EB51B7C96E300DA9DCE /* Debug */ = {
			isa = XCBuildConfiguration;
			buildSettings = {
				GCC_C_LANGUAGE_STANDARD = gnu99;
				PRODUCT_NAME = "$(TARGET_NAME)";
			};
			name = Debug;
		};
		6CDE4EB61B7C96E300DA9DCE /* Release */ = {
			isa = XCBuildConfiguration;
			buildSettings = {
				GCC_C_LANGUAGE_STANDARD = gnu99;
				PRODUCT_NAME = "$(TARGET_NAME)";
			};
			name = Release;
		};
		6CDE4EC21B7D29E100DA9DCE /* Debug */ = {
			isa = XCBuildConfiguration;
			buildSettings = {
				GCC_C_LANGUAGE_STANDARD = c99;
				PRODUCT_NAME = "$(TARGET_NAME)";
			};
			name = Debug;
		};
		6CDE4EC31B7D29E100DA9DCE /* Release */ = {
			isa = XCBuildConfiguration;
			buildSettings = {
				GCC_C_LANGUAGE_STANDARD = c99;
				PRODUCT_NAME = "$(TARGET_NAME)";
			};
			name = Release;
		};
		6CDE4ECE1B7D3F7300DA9DCE /* Debug */ = {
			isa = XCBuildConfiguration;
			buildSettings = {
				PRODUCT_NAME = "$(TARGET_NAME)";
			};
			name = Debug;
		};
		6CDE4ECF1B7D3F7300DA9DCE /* Release */ = {
			isa = XCBuildConfiguration;
			buildSettings = {
				PRODUCT_NAME = "$(TARGET_NAME)";
			};
			name = Release;
		};
		6CDE4ED91B7D3F9800DA9DCE /* Debug */ = {
			isa = XCBuildConfiguration;
			buildSettings = {
				PRODUCT_NAME = "$(TARGET_NAME)";
			};
			name = Debug;
		};
		6CDE4EDA1B7D3F9800DA9DCE /* Release */ = {
			isa = XCBuildConfiguration;
			buildSettings = {
				PRODUCT_NAME = "$(TARGET_NAME)";
			};
			name = Release;
		};
/* End XCBuildConfiguration section */

/* Begin XCConfigurationList section */
		6CDE4EA81B7C96E300DA9DCE /* Build configuration list for PBXProject "InterviewQuestions" */ = {
			isa = XCConfigurationList;
			buildConfigurations = (
				6CDE4EB21B7C96E300DA9DCE /* Debug */,
				6CDE4EB31B7C96E300DA9DCE /* Release */,
			);
			defaultConfigurationIsVisible = 0;
			defaultConfigurationName = Release;
		};
		6CDE4EB41B7C96E300DA9DCE /* Build configuration list for PBXNativeTarget "InterviewQuestions" */ = {
			isa = XCConfigurationList;
			buildConfigurations = (
				6CDE4EB51B7C96E300DA9DCE /* Debug */,
				6CDE4EB61B7C96E300DA9DCE /* Release */,
			);
			defaultConfigurationIsVisible = 0;
			defaultConfigurationName = Release;
		};
		6CDE4EC41B7D29E100DA9DCE /* Build configuration list for PBXNativeTarget "MaxCounters" */ = {
			isa = XCConfigurationList;
			buildConfigurations = (
				6CDE4EC21B7D29E100DA9DCE /* Debug */,
				6CDE4EC31B7D29E100DA9DCE /* Release */,
			);
			defaultConfigurationIsVisible = 0;
		};
		6CDE4ECD1B7D3F7300DA9DCE /* Build configuration list for PBXNativeTarget "objc" */ = {
			isa = XCConfigurationList;
			buildConfigurations = (
				6CDE4ECE1B7D3F7300DA9DCE /* Debug */,
				6CDE4ECF1B7D3F7300DA9DCE /* Release */,
			);
			defaultConfigurationIsVisible = 0;
		};
		6CDE4ED81B7D3F9800DA9DCE /* Build configuration list for PBXNativeTarget "pgfd" */ = {
			isa = XCConfigurationList;
			buildConfigurations = (
				6CDE4ED91B7D3F9800DA9DCE /* Debug */,
				6CDE4EDA1B7D3F9800DA9DCE /* Release */,
			);
			defaultConfigurationIsVisible = 0;
		};
/* End XCConfigurationList section */
	};
	rootObject = 6CDE4EA51B7C96E300DA9DCE /* Project object */;
}
