// !$*UTF8*$!
{
	archiveVersion = 1;
	classes = {
	};
	objectVersion = 46;
	objects = {

/* Begin PBXBuildFile section */
		5072F3801B4E660E00A1EF07 /* main.c in Sources */ = {isa = PBXBuildFile; fileRef = 5072F37F1B4E660E00A1EF07 /* main.c */; };
		5072F3861B4E669000A1EF07 /* LinkedList.c in Sources */ = {isa = PBXBuildFile; fileRef = 5072F3841B4E669000A1EF07 /* LinkedList.c */; };
		50CF454A1B5F89C3009EF64C /* SDLLink.mm in Sources */ = {isa = PBXBuildFile; fileRef = 50CF45481B5F89C3009EF64C /* SDLLink.mm */; };
		50CF454B1B5F89C3009EF64C /* SDLLink.mm in Sources */ = {isa = PBXBuildFile; fileRef = 50CF45481B5F89C3009EF64C /* SDLLink.mm */; };
		50CF45581B5F947E009EF64C /* main.cpp in Sources */ = {isa = PBXBuildFile; fileRef = 50CF45571B5F947E009EF64C /* main.cpp */; };
		50CF455E1B5F94A2009EF64C /* PixelController.cpp in Sources */ = {isa = PBXBuildFile; fileRef = 50CF455C1B5F94A2009EF64C /* PixelController.cpp */; };
		50CF45621B5F9571009EF64C /* SDL2.framework in Frameworks */ = {isa = PBXBuildFile; fileRef = 50CF45611B5F9571009EF64C /* SDL2.framework */; };
		50CF45631B5F9571009EF64C /* SDL2.framework in Frameworks */ = {isa = PBXBuildFile; fileRef = 50CF45611B5F9571009EF64C /* SDL2.framework */; };
		50CF45641B5F9571009EF64C /* SDL2.framework in Frameworks */ = {isa = PBXBuildFile; fileRef = 50CF45611B5F9571009EF64C /* SDL2.framework */; };
		50F006851B502884005A6D8D /* LinkedList.cpp in Sources */ = {isa = PBXBuildFile; fileRef = 50F006801B502884005A6D8D /* LinkedList.cpp */; };
		50F006891B5028C9005A6D8D /* main.cpp in Sources */ = {isa = PBXBuildFile; fileRef = 50F006881B5028C9005A6D8D /* main.cpp */; };
		50F0068C1B50673C005A6D8D /* Fibb.cpp in Sources */ = {isa = PBXBuildFile; fileRef = 50F0068A1B50673C005A6D8D /* Fibb.cpp */; };
		6C645D461B4465CE00ED4746 /* main.cpp in Sources */ = {isa = PBXBuildFile; fileRef = 6C645D451B4465CE00ED4746 /* main.cpp */; };
		6C645D561B446A5200ED4746 /* main.swift in Sources */ = {isa = PBXBuildFile; fileRef = 6C645D551B446A5200ED4746 /* main.swift */; };
		6C645D641B446E6A00ED4746 /* main.swift in Sources */ = {isa = PBXBuildFile; fileRef = 6C645D631B446E6A00ED4746 /* main.swift */; };
		6C645D681B446E7300ED4746 /* 99GreenBottles.swift in Sources */ = {isa = PBXBuildFile; fileRef = 6C645D5B1B446E4800ED4746 /* 99GreenBottles.swift */; };
		6C645D701B446F3800ED4746 /* main.cpp in Sources */ = {isa = PBXBuildFile; fileRef = 6C645D6F1B446F3800ED4746 /* main.cpp */; };
		6C645D761B446F5800ED4746 /* 99GreenBottles.cpp in Sources */ = {isa = PBXBuildFile; fileRef = 6C645D741B446F5800ED4746 /* 99GreenBottles.cpp */; };
		6C83FABC1B4579830002F9B9 /* main.swift in Sources */ = {isa = PBXBuildFile; fileRef = 6C83FABB1B4579830002F9B9 /* main.swift */; };
		6C83FAC71B45E1CA0002F9B9 /* AppDelegate.swift in Sources */ = {isa = PBXBuildFile; fileRef = 6C83FAC61B45E1CA0002F9B9 /* AppDelegate.swift */; };
		6C83FAC91B45E1CA0002F9B9 /* GameScene.swift in Sources */ = {isa = PBXBuildFile; fileRef = 6C83FAC81B45E1CA0002F9B9 /* GameScene.swift */; };
		6C83FACB1B45E1CA0002F9B9 /* GameScene.sks in Resources */ = {isa = PBXBuildFile; fileRef = 6C83FACA1B45E1CA0002F9B9 /* GameScene.sks */; };
		6C83FACD1B45E1CA0002F9B9 /* Assets.xcassets in Resources */ = {isa = PBXBuildFile; fileRef = 6C83FACC1B45E1CA0002F9B9 /* Assets.xcassets */; };
		6C83FAD01B45E1CA0002F9B9 /* MainMenu.xib in Resources */ = {isa = PBXBuildFile; fileRef = 6C83FACE1B45E1CA0002F9B9 /* MainMenu.xib */; };
		6C83FAF21B45E20F0002F9B9 /* GameOfLife.swift in Sources */ = {isa = PBXBuildFile; fileRef = 6C83FAF11B45E20F0002F9B9 /* GameOfLife.swift */; };
		6C83FAF31B45E2140002F9B9 /* GameOfLife.swift in Sources */ = {isa = PBXBuildFile; fileRef = 6C83FAF11B45E20F0002F9B9 /* GameOfLife.swift */; };
		6C83FAF51B45E7390002F9B9 /* GameOfLifeNode.swift in Sources */ = {isa = PBXBuildFile; fileRef = 6C83FAF41B45E7390002F9B9 /* GameOfLifeNode.swift */; };
		6CCE3ABD1B455FC600944D9F /* main.m in Sources */ = {isa = PBXBuildFile; fileRef = 6CCE3ABC1B455FC600944D9F /* main.m */; };
		6CCE3AC51B45627600944D9F /* Shakespeare.m in Sources */ = {isa = PBXBuildFile; fileRef = 6CCE3AC41B45627600944D9F /* Shakespeare.m */; };
		6CCE3AC71B456A3A00944D9F /* assembly.s in Sources */ = {isa = PBXBuildFile; fileRef = 6CCE3AC61B456A3A00944D9F /* assembly.s */; };
/* End PBXBuildFile section */

/* Begin PBXContainerItemProxy section */
		6C83FAD71B45E1CA0002F9B9 /* PBXContainerItemProxy */ = {
			isa = PBXContainerItemProxy;
			containerPortal = 6C645D3A1B4465CE00ED4746 /* Project object */;
			proxyType = 1;
			remoteGlobalIDString = 6C83FAC31B45E1CA0002F9B9;
			remoteInfo = GameOfLifeSprite;
		};
		6C83FAE21B45E1CA0002F9B9 /* PBXContainerItemProxy */ = {
			isa = PBXContainerItemProxy;
			containerPortal = 6C645D3A1B4465CE00ED4746 /* Project object */;
			proxyType = 1;
			remoteGlobalIDString = 6C83FAC31B45E1CA0002F9B9;
			remoteInfo = GameOfLifeSprite;
		};
/* End PBXContainerItemProxy section */

/* Begin PBXCopyFilesBuildPhase section */
		5072F37B1B4E660E00A1EF07 /* CopyFiles */ = {
			isa = PBXCopyFilesBuildPhase;
			buildActionMask = 2147483647;
			dstPath = /usr/share/man/man1/;
			dstSubfolderSpec = 0;
			files = (
			);
			runOnlyForDeploymentPostprocessing = 1;
		};
		5072F3891B4E69CD00A1EF07 /* CopyFiles */ = {
			isa = PBXCopyFilesBuildPhase;
			buildActionMask = 2147483647;
			dstPath = /usr/share/man/man1/;
			dstSubfolderSpec = 0;
			files = (
			);
			runOnlyForDeploymentPostprocessing = 1;
		};
		50CF45531B5F947E009EF64C /* CopyFiles */ = {
			isa = PBXCopyFilesBuildPhase;
			buildActionMask = 2147483647;
			dstPath = /usr/share/man/man1/;
			dstSubfolderSpec = 0;
			files = (
			);
			runOnlyForDeploymentPostprocessing = 1;
		};
		6C645D401B4465CE00ED4746 /* CopyFiles */ = {
			isa = PBXCopyFilesBuildPhase;
			buildActionMask = 2147483647;
			dstPath = /usr/share/man/man1/;
			dstSubfolderSpec = 0;
			files = (
			);
			runOnlyForDeploymentPostprocessing = 1;
		};
		6C645D511B446A5200ED4746 /* CopyFiles */ = {
			isa = PBXCopyFilesBuildPhase;
			buildActionMask = 2147483647;
			dstPath = /usr/share/man/man1/;
			dstSubfolderSpec = 0;
			files = (
			);
			runOnlyForDeploymentPostprocessing = 1;
		};
		6C645D5F1B446E6A00ED4746 /* CopyFiles */ = {
			isa = PBXCopyFilesBuildPhase;
			buildActionMask = 2147483647;
			dstPath = /usr/share/man/man1/;
			dstSubfolderSpec = 0;
			files = (
			);
			runOnlyForDeploymentPostprocessing = 1;
		};
		6C645D6B1B446F3800ED4746 /* CopyFiles */ = {
			isa = PBXCopyFilesBuildPhase;
			buildActionMask = 2147483647;
			dstPath = /usr/share/man/man1/;
			dstSubfolderSpec = 0;
			files = (
			);
			runOnlyForDeploymentPostprocessing = 1;
		};
		6C83FAB71B4579830002F9B9 /* CopyFiles */ = {
			isa = PBXCopyFilesBuildPhase;
			buildActionMask = 2147483647;
			dstPath = /usr/share/man/man1/;
			dstSubfolderSpec = 0;
			files = (
			);
			runOnlyForDeploymentPostprocessing = 1;
		};
		6CCE3AB81B455FC600944D9F /* CopyFiles */ = {
			isa = PBXCopyFilesBuildPhase;
			buildActionMask = 2147483647;
			dstPath = /usr/share/man/man1/;
			dstSubfolderSpec = 0;
			files = (
			);
			runOnlyForDeploymentPostprocessing = 1;
		};
/* End PBXCopyFilesBuildPhase section */

/* Begin PBXFileReference section */
		5072F37D1B4E660E00A1EF07 /* BasicKnoledge */ = {isa = PBXFileReference; explicitFileType = "compiled.mach-o.executable"; includeInIndex = 0; path = BasicKnoledge; sourceTree = BUILT_PRODUCTS_DIR; };
		5072F37F1B4E660E00A1EF07 /* main.c */ = {isa = PBXFileReference; lastKnownFileType = sourcecode.c.c; path = main.c; sourceTree = "<group>"; };
		5072F3841B4E669000A1EF07 /* LinkedList.c */ = {isa = PBXFileReference; fileEncoding = 4; lastKnownFileType = sourcecode.c.c; path = LinkedList.c; sourceTree = "<group>"; };
		5072F3851B4E669000A1EF07 /* LinkedList.h */ = {isa = PBXFileReference; fileEncoding = 4; lastKnownFileType = sourcecode.c.h; path = LinkedList.h; sourceTree = "<group>"; };
		5072F38B1B4E69CD00A1EF07 /* BacicCPP */ = {isa = PBXFileReference; explicitFileType = "compiled.mach-o.executable"; includeInIndex = 0; path = BacicCPP; sourceTree = BUILT_PRODUCTS_DIR; };
		50CF45461B5F89C3009EF64C /* GameOfLife-Bridging-Header.h */ = {isa = PBXFileReference; lastKnownFileType = sourcecode.c.h; path = "GameOfLife-Bridging-Header.h"; sourceTree = "<group>"; };
		50CF45471B5F89C3009EF64C /* GameOfLifeSprite-Bridging-Header.h */ = {isa = PBXFileReference; lastKnownFileType = sourcecode.c.h; path = "GameOfLifeSprite-Bridging-Header.h"; sourceTree = "<group>"; };
		50CF45481B5F89C3009EF64C /* SDLLink.mm */ = {isa = PBXFileReference; fileEncoding = 4; lastKnownFileType = sourcecode.cpp.objcpp; name = SDLLink.mm; path = GameOfLife/SDLLink.mm; sourceTree = SOURCE_ROOT; };
		50CF45491B5F89C3009EF64C /* SDLLink.h */ = {isa = PBXFileReference; fileEncoding = 4; lastKnownFileType = sourcecode.c.h; name = SDLLink.h; path = GameOfLife/SDLLink.h; sourceTree = SOURCE_ROOT; };
		50CF45551B5F947E009EF64C /* PixelControll */ = {isa = PBXFileReference; explicitFileType = "compiled.mach-o.executable"; includeInIndex = 0; path = PixelControll; sourceTree = BUILT_PRODUCTS_DIR; };
		50CF45571B5F947E009EF64C /* main.cpp */ = {isa = PBXFileReference; lastKnownFileType = sourcecode.cpp.cpp; path = main.cpp; sourceTree = "<group>"; };
		50CF455C1B5F94A2009EF64C /* PixelController.cpp */ = {isa = PBXFileReference; fileEncoding = 4; lastKnownFileType = sourcecode.cpp.cpp; path = PixelController.cpp; sourceTree = "<group>"; };
		50CF455D1B5F94A2009EF64C /* PixelController.hpp */ = {isa = PBXFileReference; fileEncoding = 4; lastKnownFileType = sourcecode.cpp.h; path = PixelController.hpp; sourceTree = "<group>"; };
		50CF45611B5F9571009EF64C /* SDL2.framework */ = {isa = PBXFileReference; lastKnownFileType = wrapper.framework; path = SDL2.framework; sourceTree = "<group>"; };
		50F006801B502884005A6D8D /* LinkedList.cpp */ = {isa = PBXFileReference; fileEncoding = 4; lastKnownFileType = sourcecode.cpp.cpp; name = LinkedList.cpp; path = ../../MonoForFun/MonoForFun/BasicCPP/LinkedList.cpp; sourceTree = "<group>"; };
		50F006811B502884005A6D8D /* LinkedList.hpp */ = {isa = PBXFileReference; fileEncoding = 4; lastKnownFileType = sourcecode.cpp.h; name = LinkedList.hpp; path = ../../MonoForFun/MonoForFun/BasicCPP/LinkedList.hpp; sourceTree = "<group>"; };
		50F006881B5028C9005A6D8D /* main.cpp */ = {isa = PBXFileReference; fileEncoding = 4; lastKnownFileType = sourcecode.cpp.cpp; path = main.cpp; sourceTree = "<group>"; };
		50F0068A1B50673C005A6D8D /* Fibb.cpp */ = {isa = PBXFileReference; fileEncoding = 4; lastKnownFileType = sourcecode.cpp.cpp; path = Fibb.cpp; sourceTree = "<group>"; };
		50F0068B1B50673C005A6D8D /* Fibb.hpp */ = {isa = PBXFileReference; fileEncoding = 4; lastKnownFileType = sourcecode.cpp.h; path = Fibb.hpp; sourceTree = "<group>"; };
		6C645D421B4465CE00ED4746 /* JustForFun */ = {isa = PBXFileReference; explicitFileType = "compiled.mach-o.executable"; includeInIndex = 0; path = JustForFun; sourceTree = BUILT_PRODUCTS_DIR; };
		6C645D451B4465CE00ED4746 /* main.cpp */ = {isa = PBXFileReference; lastKnownFileType = sourcecode.cpp.cpp; path = main.cpp; sourceTree = "<group>"; };
		6C645D4C1B4465E500ED4746 /* LiteraryLogic.cpp */ = {isa = PBXFileReference; fileEncoding = 4; lastKnownFileType = sourcecode.cpp.cpp; path = LiteraryLogic.cpp; sourceTree = "<group>"; };
		6C645D4D1B4465E500ED4746 /* LiteraryLogic.hpp */ = {isa = PBXFileReference; fileEncoding = 4; lastKnownFileType = sourcecode.cpp.h; path = LiteraryLogic.hpp; sourceTree = "<group>"; };
		6C645D531B446A5200ED4746 /* JustForFun */ = {isa = PBXFileReference; explicitFileType = "compiled.mach-o.executable"; includeInIndex = 0; path = JustForFun; sourceTree = BUILT_PRODUCTS_DIR; };
		6C645D551B446A5200ED4746 /* main.swift */ = {isa = PBXFileReference; lastKnownFileType = sourcecode.swift; path = main.swift; sourceTree = "<group>"; };
		6C645D5B1B446E4800ED4746 /* 99GreenBottles.swift */ = {isa = PBXFileReference; fileEncoding = 4; lastKnownFileType = sourcecode.swift; name = 99GreenBottles.swift; path = ../SwiftShakespeareLogic/99GreenBottles.swift; sourceTree = "<group>"; };
		6C645D611B446E6A00ED4746 /* 99GreenBottles */ = {isa = PBXFileReference; explicitFileType = "compiled.mach-o.executable"; includeInIndex = 0; path = 99GreenBottles; sourceTree = BUILT_PRODUCTS_DIR; };
		6C645D631B446E6A00ED4746 /* main.swift */ = {isa = PBXFileReference; lastKnownFileType = sourcecode.swift; path = main.swift; sourceTree = "<group>"; };
		6C645D6D1B446F3800ED4746 /* 99GreenBottlesCPP */ = {isa = PBXFileReference; explicitFileType = "compiled.mach-o.executable"; includeInIndex = 0; path = 99GreenBottlesCPP; sourceTree = BUILT_PRODUCTS_DIR; };
		6C645D6F1B446F3800ED4746 /* main.cpp */ = {isa = PBXFileReference; lastKnownFileType = sourcecode.cpp.cpp; path = main.cpp; sourceTree = "<group>"; };
		6C645D741B446F5800ED4746 /* 99GreenBottles.cpp */ = {isa = PBXFileReference; fileEncoding = 4; lastKnownFileType = sourcecode.cpp.cpp; path = 99GreenBottles.cpp; sourceTree = "<group>"; };
		6C645D751B446F5800ED4746 /* 99GreenBottles.hpp */ = {isa = PBXFileReference; fileEncoding = 4; lastKnownFileType = sourcecode.cpp.h; path = 99GreenBottles.hpp; sourceTree = "<group>"; };
		6C83FAB91B4579830002F9B9 /* GameOfLife */ = {isa = PBXFileReference; explicitFileType = "compiled.mach-o.executable"; includeInIndex = 0; path = GameOfLife; sourceTree = BUILT_PRODUCTS_DIR; };
		6C83FABB1B4579830002F9B9 /* main.swift */ = {isa = PBXFileReference; lastKnownFileType = sourcecode.swift; path = main.swift; sourceTree = "<group>"; };
		6C83FAC41B45E1CA0002F9B9 /* GameOfLifeSprite.app */ = {isa = PBXFileReference; explicitFileType = wrapper.application; includeInIndex = 0; path = GameOfLifeSprite.app; sourceTree = BUILT_PRODUCTS_DIR; };
		6C83FAC61B45E1CA0002F9B9 /* AppDelegate.swift */ = {isa = PBXFileReference; lastKnownFileType = sourcecode.swift; path = AppDelegate.swift; sourceTree = "<group>"; };
		6C83FAC81B45E1CA0002F9B9 /* GameScene.swift */ = {isa = PBXFileReference; lastKnownFileType = sourcecode.swift; path = GameScene.swift; sourceTree = "<group>"; };
		6C83FACA1B45E1CA0002F9B9 /* GameScene.sks */ = {isa = PBXFileReference; lastKnownFileType = file.sks; path = GameScene.sks; sourceTree = "<group>"; };
		6C83FACC1B45E1CA0002F9B9 /* Assets.xcassets */ = {isa = PBXFileReference; lastKnownFileType = folder.assetcatalog; path = Assets.xcassets; sourceTree = "<group>"; };
		6C83FACF1B45E1CA0002F9B9 /* Base */ = {isa = PBXFileReference; lastKnownFileType = file.xib; name = Base; path = Base.lproj/MainMenu.xib; sourceTree = "<group>"; };
		6C83FAD11B45E1CA0002F9B9 /* Info.plist */ = {isa = PBXFileReference; lastKnownFileType = text.plist.xml; path = Info.plist; sourceTree = "<group>"; };
		6C83FAD61B45E1CA0002F9B9 /* GameOfLifeSpriteTests.xctest */ = {isa = PBXFileReference; explicitFileType = wrapper.cfbundle; includeInIndex = 0; path = GameOfLifeSpriteTests.xctest; sourceTree = BUILT_PRODUCTS_DIR; };
		6C83FAE11B45E1CA0002F9B9 /* GameOfLifeSpriteUITests.xctest */ = {isa = PBXFileReference; explicitFileType = wrapper.cfbundle; includeInIndex = 0; path = GameOfLifeSpriteUITests.xctest; sourceTree = BUILT_PRODUCTS_DIR; };
		6C83FAF11B45E20F0002F9B9 /* GameOfLife.swift */ = {isa = PBXFileReference; fileEncoding = 4; lastKnownFileType = sourcecode.swift; path = GameOfLife.swift; sourceTree = "<group>"; };
		6C83FAF41B45E7390002F9B9 /* GameOfLifeNode.swift */ = {isa = PBXFileReference; fileEncoding = 4; lastKnownFileType = sourcecode.swift; path = GameOfLifeNode.swift; sourceTree = "<group>"; };
		6CCE3ABA1B455FC600944D9F /* LiteratyLogincObjc */ = {isa = PBXFileReference; explicitFileType = "compiled.mach-o.executable"; includeInIndex = 0; path = LiteratyLogincObjc; sourceTree = BUILT_PRODUCTS_DIR; };
		6CCE3ABC1B455FC600944D9F /* main.m */ = {isa = PBXFileReference; lastKnownFileType = sourcecode.c.objc; path = main.m; sourceTree = "<group>"; };
		6CCE3AC11B45617600944D9F /* ForWhomTheBell.m */ = {isa = PBXFileReference; fileEncoding = 4; lastKnownFileType = sourcecode.c.objc; path = ForWhomTheBell.m; sourceTree = "<group>"; };
		6CCE3AC31B45618300944D9F /* ForWhomTheBell.h */ = {isa = PBXFileReference; lastKnownFileType = sourcecode.c.h; path = ForWhomTheBell.h; sourceTree = "<group>"; };
		6CCE3AC41B45627600944D9F /* Shakespeare.m */ = {isa = PBXFileReference; fileEncoding = 4; lastKnownFileType = sourcecode.c.objc; path = Shakespeare.m; sourceTree = "<group>"; };
		6CCE3AC61B456A3A00944D9F /* assembly.s */ = {isa = PBXFileReference; fileEncoding = 4; lastKnownFileType = sourcecode.asm; name = assembly.s; path = ShakespeareLogic/assembly.s; sourceTree = SOURCE_ROOT; };
/* End PBXFileReference section */

/* Begin PBXFrameworksBuildPhase section */
		5072F37A1B4E660E00A1EF07 /* Frameworks */ = {
			isa = PBXFrameworksBuildPhase;
			buildActionMask = 2147483647;
			files = (
			);
			runOnlyForDeploymentPostprocessing = 0;
		};
		5072F3881B4E69CD00A1EF07 /* Frameworks */ = {
			isa = PBXFrameworksBuildPhase;
			buildActionMask = 2147483647;
			files = (
			);
			runOnlyForDeploymentPostprocessing = 0;
		};
		50CF45521B5F947E009EF64C /* Frameworks */ = {
			isa = PBXFrameworksBuildPhase;
			buildActionMask = 2147483647;
			files = (
				50CF45641B5F9571009EF64C /* SDL2.framework in Frameworks */,
			);
			runOnlyForDeploymentPostprocessing = 0;
		};
		6C645D3F1B4465CE00ED4746 /* Frameworks */ = {
			isa = PBXFrameworksBuildPhase;
			buildActionMask = 2147483647;
			files = (
			);
			runOnlyForDeploymentPostprocessing = 0;
		};
		6C645D501B446A5200ED4746 /* Frameworks */ = {
			isa = PBXFrameworksBuildPhase;
			buildActionMask = 2147483647;
			files = (
			);
			runOnlyForDeploymentPostprocessing = 0;
		};
		6C645D5E1B446E6A00ED4746 /* Frameworks */ = {
			isa = PBXFrameworksBuildPhase;
			buildActionMask = 2147483647;
			files = (
			);
			runOnlyForDeploymentPostprocessing = 0;
		};
		6C645D6A1B446F3800ED4746 /* Frameworks */ = {
			isa = PBXFrameworksBuildPhase;
			buildActionMask = 2147483647;
			files = (
			);
			runOnlyForDeploymentPostprocessing = 0;
		};
		6C83FAB61B4579830002F9B9 /* Frameworks */ = {
			isa = PBXFrameworksBuildPhase;
			buildActionMask = 2147483647;
			files = (
				50CF45621B5F9571009EF64C /* SDL2.framework in Frameworks */,
			);
			runOnlyForDeploymentPostprocessing = 0;
		};
		6C83FAC11B45E1CA0002F9B9 /* Frameworks */ = {
			isa = PBXFrameworksBuildPhase;
			buildActionMask = 2147483647;
			files = (
				50CF45631B5F9571009EF64C /* SDL2.framework in Frameworks */,
			);
			runOnlyForDeploymentPostprocessing = 0;
		};
		6C83FAD31B45E1CA0002F9B9 /* Frameworks */ = {
			isa = PBXFrameworksBuildPhase;
			buildActionMask = 2147483647;
			files = (
			);
			runOnlyForDeploymentPostprocessing = 0;
		};
		6C83FADE1B45E1CA0002F9B9 /* Frameworks */ = {
			isa = PBXFrameworksBuildPhase;
			buildActionMask = 2147483647;
			files = (
			);
			runOnlyForDeploymentPostprocessing = 0;
		};
		6CCE3AB71B455FC600944D9F /* Frameworks */ = {
			isa = PBXFrameworksBuildPhase;
			buildActionMask = 2147483647;
			files = (
			);
			runOnlyForDeploymentPostprocessing = 0;
		};
/* End PBXFrameworksBuildPhase section */

/* Begin PBXGroup section */
		5072F37E1B4E660E00A1EF07 /* BasicKnoledge */ = {
			isa = PBXGroup;
			children = (
				5072F37F1B4E660E00A1EF07 /* main.c */,
				5072F3841B4E669000A1EF07 /* LinkedList.c */,
				5072F3851B4E669000A1EF07 /* LinkedList.h */,
			);
			path = BasicKnoledge;
			sourceTree = "<group>";
		};
		5072F38C1B4E69CD00A1EF07 /* BacicCPP */ = {
			isa = PBXGroup;
			children = (
				50F006881B5028C9005A6D8D /* main.cpp */,
				50F006801B502884005A6D8D /* LinkedList.cpp */,
				50F0068A1B50673C005A6D8D /* Fibb.cpp */,
				50F0068B1B50673C005A6D8D /* Fibb.hpp */,
				50F006811B502884005A6D8D /* LinkedList.hpp */,
			);
			path = BacicCPP;
			sourceTree = "<group>";
		};
		50CF45561B5F947E009EF64C /* PixelControll */ = {
			isa = PBXGroup;
			children = (
				50CF45571B5F947E009EF64C /* main.cpp */,
				50CF455C1B5F94A2009EF64C /* PixelController.cpp */,
				50CF455D1B5F94A2009EF64C /* PixelController.hpp */,
			);
			path = PixelControll;
			sourceTree = "<group>";
		};
		6C645D391B4465CE00ED4746 = {
			isa = PBXGroup;
			children = (
				50CF45611B5F9571009EF64C /* SDL2.framework */,
				6C645D441B4465CE00ED4746 /* ShakespeareLogic */,
				6CCE3ABB1B455FC600944D9F /* LiteratyLogincObjc */,
				6C645D541B446A5200ED4746 /* SwiftShakespeareLogic */,
				6C645D621B446E6A00ED4746 /* 99GreenBottles */,
				6C645D6E1B446F3800ED4746 /* 99GreenBottlesCPP */,
				6C83FABA1B4579830002F9B9 /* GameOfLife */,
				6C83FAC51B45E1CA0002F9B9 /* GameOfLifeSprite */,
				5072F37E1B4E660E00A1EF07 /* BasicKnoledge */,
				5072F38C1B4E69CD00A1EF07 /* BacicCPP */,
				50CF45561B5F947E009EF64C /* PixelControll */,
				6C645D431B4465CE00ED4746 /* Products */,
			);
			sourceTree = "<group>";
		};
		6C645D431B4465CE00ED4746 /* Products */ = {
			isa = PBXGroup;
			children = (
				6C645D421B4465CE00ED4746 /* JustForFun */,
				6C645D531B446A5200ED4746 /* JustForFun */,
				6C645D611B446E6A00ED4746 /* 99GreenBottles */,
				6C645D6D1B446F3800ED4746 /* 99GreenBottlesCPP */,
				6CCE3ABA1B455FC600944D9F /* LiteratyLogincObjc */,
				6C83FAB91B4579830002F9B9 /* GameOfLife */,
				6C83FAC41B45E1CA0002F9B9 /* GameOfLifeSprite.app */,
				6C83FAD61B45E1CA0002F9B9 /* GameOfLifeSpriteTests.xctest */,
				6C83FAE11B45E1CA0002F9B9 /* GameOfLifeSpriteUITests.xctest */,
				5072F37D1B4E660E00A1EF07 /* BasicKnoledge */,
				5072F38B1B4E69CD00A1EF07 /* BacicCPP */,
				50CF45551B5F947E009EF64C /* PixelControll */,
			);
			name = Products;
			sourceTree = "<group>";
		};
		6C645D441B4465CE00ED4746 /* ShakespeareLogic */ = {
			isa = PBXGroup;
			children = (
				6CCE3AC61B456A3A00944D9F /* assembly.s */,
				6C645D451B4465CE00ED4746 /* main.cpp */,
				6C645D4C1B4465E500ED4746 /* LiteraryLogic.cpp */,
				6C645D4D1B4465E500ED4746 /* LiteraryLogic.hpp */,
			);
			path = ShakespeareLogic;
			sourceTree = "<group>";
		};
		6C645D541B446A5200ED4746 /* SwiftShakespeareLogic */ = {
			isa = PBXGroup;
			children = (
				6C645D551B446A5200ED4746 /* main.swift */,
			);
			path = SwiftShakespeareLogic;
			sourceTree = "<group>";
		};
		6C645D621B446E6A00ED4746 /* 99GreenBottles */ = {
			isa = PBXGroup;
			children = (
				6C645D5B1B446E4800ED4746 /* 99GreenBottles.swift */,
				6C645D631B446E6A00ED4746 /* main.swift */,
			);
			path = 99GreenBottles;
			sourceTree = "<group>";
		};
		6C645D6E1B446F3800ED4746 /* 99GreenBottlesCPP */ = {
			isa = PBXGroup;
			children = (
				6C645D6F1B446F3800ED4746 /* main.cpp */,
				6C645D741B446F5800ED4746 /* 99GreenBottles.cpp */,
				6C645D751B446F5800ED4746 /* 99GreenBottles.hpp */,
			);
			path = 99GreenBottlesCPP;
			sourceTree = "<group>";
		};
		6C83FABA1B4579830002F9B9 /* GameOfLife */ = {
			isa = PBXGroup;
			children = (
				6C83FABB1B4579830002F9B9 /* main.swift */,
			);
			path = GameOfLife;
			sourceTree = "<group>";
		};
		6C83FAC51B45E1CA0002F9B9 /* GameOfLifeSprite */ = {
			isa = PBXGroup;
			children = (
				6C83FAC61B45E1CA0002F9B9 /* AppDelegate.swift */,
				6C83FAC81B45E1CA0002F9B9 /* GameScene.swift */,
				6C83FAF41B45E7390002F9B9 /* GameOfLifeNode.swift */,
				6C83FACA1B45E1CA0002F9B9 /* GameScene.sks */,
				6C83FACC1B45E1CA0002F9B9 /* Assets.xcassets */,
				6C83FACE1B45E1CA0002F9B9 /* MainMenu.xib */,
				6C83FAD11B45E1CA0002F9B9 /* Info.plist */,
				6C83FAF11B45E20F0002F9B9 /* GameOfLife.swift */,
				50CF45481B5F89C3009EF64C /* SDLLink.mm */,
				50CF45491B5F89C3009EF64C /* SDLLink.h */,
				50CF45461B5F89C3009EF64C /* GameOfLife-Bridging-Header.h */,
				50CF45471B5F89C3009EF64C /* GameOfLifeSprite-Bridging-Header.h */,
			);
			path = GameOfLifeSprite;
			sourceTree = "<group>";
		};
		6CCE3ABB1B455FC600944D9F /* LiteratyLogincObjc */ = {
			isa = PBXGroup;
			children = (
				6CCE3ABC1B455FC600944D9F /* main.m */,
				6CCE3AC41B45627600944D9F /* Shakespeare.m */,
				6CCE3AC11B45617600944D9F /* ForWhomTheBell.m */,
				6CCE3AC31B45618300944D9F /* ForWhomTheBell.h */,
			);
			path = LiteratyLogincObjc;
			sourceTree = "<group>";
		};
/* End PBXGroup section */

/* Begin PBXNativeTarget section */
		5072F37C1B4E660E00A1EF07 /* BasicKnoledge */ = {
			isa = PBXNativeTarget;
			buildConfigurationList = 5072F3811B4E660E00A1EF07 /* Build configuration list for PBXNativeTarget "BasicKnoledge" */;
			buildPhases = (
				5072F3791B4E660E00A1EF07 /* Sources */,
				5072F37A1B4E660E00A1EF07 /* Frameworks */,
				5072F37B1B4E660E00A1EF07 /* CopyFiles */,
			);
			buildRules = (
			);
			dependencies = (
			);
			name = BasicKnoledge;
			productName = BasicKnoledge;
			productReference = 5072F37D1B4E660E00A1EF07 /* BasicKnoledge */;
			productType = "com.apple.product-type.tool";
		};
		5072F38A1B4E69CD00A1EF07 /* BacicCPP */ = {
			isa = PBXNativeTarget;
			buildConfigurationList = 5072F38F1B4E69CD00A1EF07 /* Build configuration list for PBXNativeTarget "BacicCPP" */;
			buildPhases = (
				5072F3871B4E69CD00A1EF07 /* Sources */,
				5072F3881B4E69CD00A1EF07 /* Frameworks */,
				5072F3891B4E69CD00A1EF07 /* CopyFiles */,
			);
			buildRules = (
			);
			dependencies = (
			);
			name = BacicCPP;
			productName = BacicCPP;
			productReference = 5072F38B1B4E69CD00A1EF07 /* BacicCPP */;
			productType = "com.apple.product-type.tool";
		};
		50CF45541B5F947E009EF64C /* PixelControll */ = {
			isa = PBXNativeTarget;
			buildConfigurationList = 50CF45591B5F947E009EF64C /* Build configuration list for PBXNativeTarget "PixelControll" */;
			buildPhases = (
				50CF45511B5F947E009EF64C /* Sources */,
				50CF45521B5F947E009EF64C /* Frameworks */,
				50CF45531B5F947E009EF64C /* CopyFiles */,
			);
			buildRules = (
			);
			dependencies = (
			);
			name = PixelControll;
			productName = PixelControll;
			productReference = 50CF45551B5F947E009EF64C /* PixelControll */;
			productType = "com.apple.product-type.tool";
		};
		6C645D411B4465CE00ED4746 /* JustForFun */ = {
			isa = PBXNativeTarget;
			buildConfigurationList = 6C645D491B4465CE00ED4746 /* Build configuration list for PBXNativeTarget "JustForFun" */;
			buildPhases = (
				6C645D3E1B4465CE00ED4746 /* Sources */,
				6C645D3F1B4465CE00ED4746 /* Frameworks */,
				6C645D401B4465CE00ED4746 /* CopyFiles */,
			);
			buildRules = (
			);
			dependencies = (
			);
			name = JustForFun;
			productName = ShakespeareLogic;
			productReference = 6C645D421B4465CE00ED4746 /* JustForFun */;
			productType = "com.apple.product-type.tool";
		};
		6C645D521B446A5200ED4746 /* SwiftJustForFun */ = {
			isa = PBXNativeTarget;
			buildConfigurationList = 6C645D571B446A5200ED4746 /* Build configuration list for PBXNativeTarget "SwiftJustForFun" */;
			buildPhases = (
				6C645D4F1B446A5200ED4746 /* Sources */,
				6C645D501B446A5200ED4746 /* Frameworks */,
				6C645D511B446A5200ED4746 /* CopyFiles */,
			);
			buildRules = (
			);
			dependencies = (
			);
			name = SwiftJustForFun;
			productName = SwiftShakespeareLogic;
			productReference = 6C645D531B446A5200ED4746 /* JustForFun */;
			productType = "com.apple.product-type.tool";
		};
		6C645D601B446E6A00ED4746 /* 99GreenBottles */ = {
			isa = PBXNativeTarget;
			buildConfigurationList = 6C645D651B446E6A00ED4746 /* Build configuration list for PBXNativeTarget "99GreenBottles" */;
			buildPhases = (
				6C645D5D1B446E6A00ED4746 /* Sources */,
				6C645D5E1B446E6A00ED4746 /* Frameworks */,
				6C645D5F1B446E6A00ED4746 /* CopyFiles */,
			);
			buildRules = (
			);
			dependencies = (
			);
			name = 99GreenBottles;
			productName = 99GreenBottles;
			productReference = 6C645D611B446E6A00ED4746 /* 99GreenBottles */;
			productType = "com.apple.product-type.tool";
		};
		6C645D6C1B446F3800ED4746 /* 99GreenBottlesCPP */ = {
			isa = PBXNativeTarget;
			buildConfigurationList = 6C645D711B446F3800ED4746 /* Build configuration list for PBXNativeTarget "99GreenBottlesCPP" */;
			buildPhases = (
				6C645D691B446F3800ED4746 /* Sources */,
				6C645D6A1B446F3800ED4746 /* Frameworks */,
				6C645D6B1B446F3800ED4746 /* CopyFiles */,
			);
			buildRules = (
			);
			dependencies = (
			);
			name = 99GreenBottlesCPP;
			productName = 99GreenBottlesCPP;
			productReference = 6C645D6D1B446F3800ED4746 /* 99GreenBottlesCPP */;
			productType = "com.apple.product-type.tool";
		};
		6C83FAB81B4579830002F9B9 /* GameOfLife */ = {
			isa = PBXNativeTarget;
			buildConfigurationList = 6C83FABF1B4579830002F9B9 /* Build configuration list for PBXNativeTarget "GameOfLife" */;
			buildPhases = (
				6C83FAB51B4579830002F9B9 /* Sources */,
				6C83FAB61B4579830002F9B9 /* Frameworks */,
				6C83FAB71B4579830002F9B9 /* CopyFiles */,
			);
			buildRules = (
			);
			dependencies = (
			);
			name = GameOfLife;
			productName = GameOfLife;
			productReference = 6C83FAB91B4579830002F9B9 /* GameOfLife */;
			productType = "com.apple.product-type.tool";
		};
		6C83FAC31B45E1CA0002F9B9 /* GameOfLifeSprite */ = {
			isa = PBXNativeTarget;
			buildConfigurationList = 6C83FAE81B45E1CA0002F9B9 /* Build configuration list for PBXNativeTarget "GameOfLifeSprite" */;
			buildPhases = (
				6C83FAC01B45E1CA0002F9B9 /* Sources */,
				6C83FAC11B45E1CA0002F9B9 /* Frameworks */,
				6C83FAC21B45E1CA0002F9B9 /* Resources */,
			);
			buildRules = (
			);
			dependencies = (
			);
			name = GameOfLifeSprite;
			productName = GameOfLifeSprite;
			productReference = 6C83FAC41B45E1CA0002F9B9 /* GameOfLifeSprite.app */;
			productType = "com.apple.product-type.application";
		};
		6C83FAD51B45E1CA0002F9B9 /* GameOfLifeSpriteTests */ = {
			isa = PBXNativeTarget;
			buildConfigurationList = 6C83FAEB1B45E1CA0002F9B9 /* Build configuration list for PBXNativeTarget "GameOfLifeSpriteTests" */;
			buildPhases = (
				6C83FAD21B45E1CA0002F9B9 /* Sources */,
				6C83FAD31B45E1CA0002F9B9 /* Frameworks */,
				6C83FAD41B45E1CA0002F9B9 /* Resources */,
			);
			buildRules = (
			);
			dependencies = (
				6C83FAD81B45E1CA0002F9B9 /* PBXTargetDependency */,
			);
			name = GameOfLifeSpriteTests;
			productName = GameOfLifeSpriteTests;
			productReference = 6C83FAD61B45E1CA0002F9B9 /* GameOfLifeSpriteTests.xctest */;
			productType = "com.apple.product-type.bundle.unit-test";
		};
		6C83FAE01B45E1CA0002F9B9 /* GameOfLifeSpriteUITests */ = {
			isa = PBXNativeTarget;
			buildConfigurationList = 6C83FAEE1B45E1CA0002F9B9 /* Build configuration list for PBXNativeTarget "GameOfLifeSpriteUITests" */;
			buildPhases = (
				6C83FADD1B45E1CA0002F9B9 /* Sources */,
				6C83FADE1B45E1CA0002F9B9 /* Frameworks */,
				6C83FADF1B45E1CA0002F9B9 /* Resources */,
			);
			buildRules = (
			);
			dependencies = (
				6C83FAE31B45E1CA0002F9B9 /* PBXTargetDependency */,
			);
			name = GameOfLifeSpriteUITests;
			productName = GameOfLifeSpriteUITests;
			productReference = 6C83FAE11B45E1CA0002F9B9 /* GameOfLifeSpriteUITests.xctest */;
			productType = "com.apple.product-type.bundle.ui-testing";
		};
		6CCE3AB91B455FC600944D9F /* LiteratyLogincObjc */ = {
			isa = PBXNativeTarget;
			buildConfigurationList = 6CCE3ABE1B455FC600944D9F /* Build configuration list for PBXNativeTarget "LiteratyLogincObjc" */;
			buildPhases = (
				6CCE3AB61B455FC600944D9F /* Sources */,
				6CCE3AB71B455FC600944D9F /* Frameworks */,
				6CCE3AB81B455FC600944D9F /* CopyFiles */,
			);
			buildRules = (
			);
			dependencies = (
			);
			name = LiteratyLogincObjc;
			productName = LiteratyLogincObjc;
			productReference = 6CCE3ABA1B455FC600944D9F /* LiteratyLogincObjc */;
			productType = "com.apple.product-type.tool";
		};
/* End PBXNativeTarget section */

/* Begin PBXProject section */
		6C645D3A1B4465CE00ED4746 /* Project object */ = {
			isa = PBXProject;
			attributes = {
				KnownAssetTags = (
					New,
				);
				LastSwiftUpdateCheck = 0700;
				LastUpgradeCheck = 0700;
				ORGANIZATIONNAME = "Rattle Media";
				TargetAttributes = {
					5072F37C1B4E660E00A1EF07 = {
						CreatedOnToolsVersion = 7.0;
					};
					5072F38A1B4E69CD00A1EF07 = {
						CreatedOnToolsVersion = 7.0;
					};
					50CF45541B5F947E009EF64C = {
						CreatedOnToolsVersion = 7.0;
					};
					6C645D411B4465CE00ED4746 = {
						CreatedOnToolsVersion = 7.0;
					};
					6C645D521B446A5200ED4746 = {
						CreatedOnToolsVersion = 7.0;
					};
					6C645D601B446E6A00ED4746 = {
						CreatedOnToolsVersion = 7.0;
					};
					6C645D6C1B446F3800ED4746 = {
						CreatedOnToolsVersion = 7.0;
					};
					6C83FAB81B4579830002F9B9 = {
						CreatedOnToolsVersion = 7.0;
					};
					6C83FAC31B45E1CA0002F9B9 = {
						CreatedOnToolsVersion = 7.0;
						DevelopmentTeam = 668T39KN4E;
					};
					6C83FAD51B45E1CA0002F9B9 = {
						CreatedOnToolsVersion = 7.0;
						TestTargetID = 6C83FAC31B45E1CA0002F9B9;
					};
					6C83FAE01B45E1CA0002F9B9 = {
						CreatedOnToolsVersion = 7.0;
						TestTargetID = 6C83FAC31B45E1CA0002F9B9;
					};
					6CCE3AB91B455FC600944D9F = {
						CreatedOnToolsVersion = 7.0;
					};
				};
			};
			buildConfigurationList = 6C645D3D1B4465CE00ED4746 /* Build configuration list for PBXProject "JustForFun" */;
			compatibilityVersion = "Xcode 3.2";
			developmentRegion = English;
			hasScannedForEncodings = 0;
			knownRegions = (
				en,
				Base,
			);
			mainGroup = 6C645D391B4465CE00ED4746;
			productRefGroup = 6C645D431B4465CE00ED4746 /* Products */;
			projectDirPath = "";
			projectRoot = "";
			targets = (
				6C645D411B4465CE00ED4746 /* JustForFun */,
				6C645D521B446A5200ED4746 /* SwiftJustForFun */,
				6C645D601B446E6A00ED4746 /* 99GreenBottles */,
				6C645D6C1B446F3800ED4746 /* 99GreenBottlesCPP */,
				6CCE3AB91B455FC600944D9F /* LiteratyLogincObjc */,
				6C83FAB81B4579830002F9B9 /* GameOfLife */,
				6C83FAC31B45E1CA0002F9B9 /* GameOfLifeSprite */,
				6C83FAD51B45E1CA0002F9B9 /* GameOfLifeSpriteTests */,
				6C83FAE01B45E1CA0002F9B9 /* GameOfLifeSpriteUITests */,
				5072F37C1B4E660E00A1EF07 /* BasicKnoledge */,
				5072F38A1B4E69CD00A1EF07 /* BacicCPP */,
				50CF45541B5F947E009EF64C /* PixelControll */,
			);
		};
/* End PBXProject section */

/* Begin PBXResourcesBuildPhase section */
		6C83FAC21B45E1CA0002F9B9 /* Resources */ = {
			isa = PBXResourcesBuildPhase;
			buildActionMask = 2147483647;
			files = (
				6C83FACD1B45E1CA0002F9B9 /* Assets.xcassets in Resources */,
				6C83FACB1B45E1CA0002F9B9 /* GameScene.sks in Resources */,
				6C83FAD01B45E1CA0002F9B9 /* MainMenu.xib in Resources */,
			);
			runOnlyForDeploymentPostprocessing = 0;
		};
		6C83FAD41B45E1CA0002F9B9 /* Resources */ = {
			isa = PBXResourcesBuildPhase;
			buildActionMask = 2147483647;
			files = (
			);
			runOnlyForDeploymentPostprocessing = 0;
		};
		6C83FADF1B45E1CA0002F9B9 /* Resources */ = {
			isa = PBXResourcesBuildPhase;
			buildActionMask = 2147483647;
			files = (
			);
			runOnlyForDeploymentPostprocessing = 0;
		};
/* End PBXResourcesBuildPhase section */

/* Begin PBXSourcesBuildPhase section */
		5072F3791B4E660E00A1EF07 /* Sources */ = {
			isa = PBXSourcesBuildPhase;
			buildActionMask = 2147483647;
			files = (
				5072F3861B4E669000A1EF07 /* LinkedList.c in Sources */,
				5072F3801B4E660E00A1EF07 /* main.c in Sources */,
			);
			runOnlyForDeploymentPostprocessing = 0;
		};
		5072F3871B4E69CD00A1EF07 /* Sources */ = {
			isa = PBXSourcesBuildPhase;
			buildActionMask = 2147483647;
			files = (
				50F0068C1B50673C005A6D8D /* Fibb.cpp in Sources */,
				50F006891B5028C9005A6D8D /* main.cpp in Sources */,
				50F006851B502884005A6D8D /* LinkedList.cpp in Sources */,
			);
			runOnlyForDeploymentPostprocessing = 0;
		};
		50CF45511B5F947E009EF64C /* Sources */ = {
			isa = PBXSourcesBuildPhase;
			buildActionMask = 2147483647;
			files = (
				50CF455E1B5F94A2009EF64C /* PixelController.cpp in Sources */,
				50CF45581B5F947E009EF64C /* main.cpp in Sources */,
			);
			runOnlyForDeploymentPostprocessing = 0;
		};
		6C645D3E1B4465CE00ED4746 /* Sources */ = {
			isa = PBXSourcesBuildPhase;
			buildActionMask = 2147483647;
			files = (
				6C645D461B4465CE00ED4746 /* main.cpp in Sources */,
				6CCE3AC71B456A3A00944D9F /* assembly.s in Sources */,
			);
			runOnlyForDeploymentPostprocessing = 0;
		};
		6C645D4F1B446A5200ED4746 /* Sources */ = {
			isa = PBXSourcesBuildPhase;
			buildActionMask = 2147483647;
			files = (
				6C645D561B446A5200ED4746 /* main.swift in Sources */,
			);
			runOnlyForDeploymentPostprocessing = 0;
		};
		6C645D5D1B446E6A00ED4746 /* Sources */ = {
			isa = PBXSourcesBuildPhase;
			buildActionMask = 2147483647;
			files = (
				6C645D641B446E6A00ED4746 /* main.swift in Sources */,
				6C645D681B446E7300ED4746 /* 99GreenBottles.swift in Sources */,
			);
			runOnlyForDeploymentPostprocessing = 0;
		};
		6C645D691B446F3800ED4746 /* Sources */ = {
			isa = PBXSourcesBuildPhase;
			buildActionMask = 2147483647;
			files = (
				6C645D701B446F3800ED4746 /* main.cpp in Sources */,
				6C645D761B446F5800ED4746 /* 99GreenBottles.cpp in Sources */,
			);
			runOnlyForDeploymentPostprocessing = 0;
		};
		6C83FAB51B4579830002F9B9 /* Sources */ = {
			isa = PBXSourcesBuildPhase;
			buildActionMask = 2147483647;
			files = (
				50CF454A1B5F89C3009EF64C /* SDLLink.mm in Sources */,
				6C83FAF31B45E2140002F9B9 /* GameOfLife.swift in Sources */,
				6C83FABC1B4579830002F9B9 /* main.swift in Sources */,
			);
			runOnlyForDeploymentPostprocessing = 0;
		};
		6C83FAC01B45E1CA0002F9B9 /* Sources */ = {
			isa = PBXSourcesBuildPhase;
			buildActionMask = 2147483647;
			files = (
				6C83FAF51B45E7390002F9B9 /* GameOfLifeNode.swift in Sources */,
				6C83FAC91B45E1CA0002F9B9 /* GameScene.swift in Sources */,
				50CF454B1B5F89C3009EF64C /* SDLLink.mm in Sources */,
				6C83FAF21B45E20F0002F9B9 /* GameOfLife.swift in Sources */,
				6C83FAC71B45E1CA0002F9B9 /* AppDelegate.swift in Sources */,
			);
			runOnlyForDeploymentPostprocessing = 0;
		};
		6C83FAD21B45E1CA0002F9B9 /* Sources */ = {
			isa = PBXSourcesBuildPhase;
			buildActionMask = 2147483647;
			files = (
			);
			runOnlyForDeploymentPostprocessing = 0;
		};
		6C83FADD1B45E1CA0002F9B9 /* Sources */ = {
			isa = PBXSourcesBuildPhase;
			buildActionMask = 2147483647;
			files = (
			);
			runOnlyForDeploymentPostprocessing = 0;
		};
		6CCE3AB61B455FC600944D9F /* Sources */ = {
			isa = PBXSourcesBuildPhase;
			buildActionMask = 2147483647;
			files = (
				6CCE3ABD1B455FC600944D9F /* main.m in Sources */,
				6CCE3AC51B45627600944D9F /* Shakespeare.m in Sources */,
			);
			runOnlyForDeploymentPostprocessing = 0;
		};
/* End PBXSourcesBuildPhase section */

/* Begin PBXTargetDependency section */
		6C83FAD81B45E1CA0002F9B9 /* PBXTargetDependency */ = {
			isa = PBXTargetDependency;
			target = 6C83FAC31B45E1CA0002F9B9 /* GameOfLifeSprite */;
			targetProxy = 6C83FAD71B45E1CA0002F9B9 /* PBXContainerItemProxy */;
		};
		6C83FAE31B45E1CA0002F9B9 /* PBXTargetDependency */ = {
			isa = PBXTargetDependency;
			target = 6C83FAC31B45E1CA0002F9B9 /* GameOfLifeSprite */;
			targetProxy = 6C83FAE21B45E1CA0002F9B9 /* PBXContainerItemProxy */;
		};
/* End PBXTargetDependency section */

/* Begin PBXVariantGroup section */
		6C83FACE1B45E1CA0002F9B9 /* MainMenu.xib */ = {
			isa = PBXVariantGroup;
			children = (
				6C83FACF1B45E1CA0002F9B9 /* Base */,
			);
			name = MainMenu.xib;
			sourceTree = "<group>";
		};
/* End PBXVariantGroup section */

/* Begin XCBuildConfiguration section */
		5072F3821B4E660E00A1EF07 /* Debug */ = {
			isa = XCBuildConfiguration;
			buildSettings = {
				MACOSX_DEPLOYMENT_TARGET = 10.11;
				PRODUCT_NAME = "$(TARGET_NAME)";
			};
			name = Debug;
		};
		5072F3831B4E660E00A1EF07 /* Release */ = {
			isa = XCBuildConfiguration;
			buildSettings = {
				MACOSX_DEPLOYMENT_TARGET = 10.11;
				PRODUCT_NAME = "$(TARGET_NAME)";
			};
			name = Release;
		};
		5072F3901B4E69CD00A1EF07 /* Debug */ = {
			isa = XCBuildConfiguration;
			buildSettings = {
				MACOSX_DEPLOYMENT_TARGET = 10.11;
				PRODUCT_NAME = "$(TARGET_NAME)";
			};
			name = Debug;
		};
		5072F3911B4E69CD00A1EF07 /* Release */ = {
			isa = XCBuildConfiguration;
			buildSettings = {
				MACOSX_DEPLOYMENT_TARGET = 10.11;
				PRODUCT_NAME = "$(TARGET_NAME)";
			};
			name = Release;
		};
		50CF455A1B5F947E009EF64C /* Debug */ = {
			isa = XCBuildConfiguration;
			buildSettings = {
				MACOSX_DEPLOYMENT_TARGET = 10.11;
				PRODUCT_NAME = "$(TARGET_NAME)";
			};
			name = Debug;
		};
		50CF455B1B5F947E009EF64C /* Release */ = {
			isa = XCBuildConfiguration;
			buildSettings = {
				MACOSX_DEPLOYMENT_TARGET = 10.11;
				PRODUCT_NAME = "$(TARGET_NAME)";
			};
			name = Release;
		};
		6C645D471B4465CE00ED4746 /* Debug */ = {
			isa = XCBuildConfiguration;
			buildSettings = {
				ALWAYS_SEARCH_USER_PATHS = NO;
				CLANG_CXX_LANGUAGE_STANDARD = "gnu++0x";
				CLANG_CXX_LIBRARY = "libc++";
				CLANG_ENABLE_MODULES = YES;
				CLANG_ENABLE_OBJC_ARC = YES;
				CLANG_WARN_BOOL_CONVERSION = YES;
				CLANG_WARN_CONSTANT_CONVERSION = YES;
				CLANG_WARN_DIRECT_OBJC_ISA_USAGE = YES_ERROR;
				CLANG_WARN_EMPTY_BODY = YES;
				CLANG_WARN_ENUM_CONVERSION = YES;
				CLANG_WARN_INT_CONVERSION = YES;
				CLANG_WARN_OBJC_ROOT_CLASS = YES_ERROR;
				CLANG_WARN_UNREACHABLE_CODE = YES;
				CLANG_WARN__DUPLICATE_METHOD_MATCH = YES;
				COPY_PHASE_STRIP = NO;
				DEBUG_INFORMATION_FORMAT = dwarf;
				ENABLE_STRICT_OBJC_MSGSEND = YES;
				ENABLE_TESTABILITY = YES;
				GCC_C_LANGUAGE_STANDARD = gnu99;
				GCC_DYNAMIC_NO_PIC = NO;
				GCC_NO_COMMON_BLOCKS = YES;
				GCC_OPTIMIZATION_LEVEL = 0;
				GCC_PREPROCESSOR_DEFINITIONS = (
					"DEBUG=1",
					"$(inherited)",
				);
				GCC_WARN_64_TO_32_BIT_CONVERSION = YES;
				GCC_WARN_ABOUT_RETURN_TYPE = YES_ERROR;
				GCC_WARN_UNDECLARED_SELECTOR = YES;
				GCC_WARN_UNINITIALIZED_AUTOS = YES_AGGRESSIVE;
				GCC_WARN_UNUSED_FUNCTION = YES;
				GCC_WARN_UNUSED_VARIABLE = YES;
				MACOSX_DEPLOYMENT_TARGET = 10.10;
				MTL_ENABLE_DEBUG_INFO = YES;
				ONLY_ACTIVE_ARCH = YES;
				SDKROOT = macosx;
			};
			name = Debug;
		};
		6C645D481B4465CE00ED4746 /* Release */ = {
			isa = XCBuildConfiguration;
			buildSettings = {
				ALWAYS_SEARCH_USER_PATHS = NO;
				CLANG_CXX_LANGUAGE_STANDARD = "gnu++0x";
				CLANG_CXX_LIBRARY = "libc++";
				CLANG_ENABLE_MODULES = YES;
				CLANG_ENABLE_OBJC_ARC = YES;
				CLANG_WARN_BOOL_CONVERSION = YES;
				CLANG_WARN_CONSTANT_CONVERSION = YES;
				CLANG_WARN_DIRECT_OBJC_ISA_USAGE = YES_ERROR;
				CLANG_WARN_EMPTY_BODY = YES;
				CLANG_WARN_ENUM_CONVERSION = YES;
				CLANG_WARN_INT_CONVERSION = YES;
				CLANG_WARN_OBJC_ROOT_CLASS = YES_ERROR;
				CLANG_WARN_UNREACHABLE_CODE = YES;
				CLANG_WARN__DUPLICATE_METHOD_MATCH = YES;
				COPY_PHASE_STRIP = NO;
				DEBUG_INFORMATION_FORMAT = "dwarf-with-dsym";
				ENABLE_NS_ASSERTIONS = NO;
				ENABLE_STRICT_OBJC_MSGSEND = YES;
				GCC_C_LANGUAGE_STANDARD = gnu99;
				GCC_NO_COMMON_BLOCKS = YES;
				GCC_WARN_64_TO_32_BIT_CONVERSION = YES;
				GCC_WARN_ABOUT_RETURN_TYPE = YES_ERROR;
				GCC_WARN_UNDECLARED_SELECTOR = YES;
				GCC_WARN_UNINITIALIZED_AUTOS = YES_AGGRESSIVE;
				GCC_WARN_UNUSED_FUNCTION = YES;
				GCC_WARN_UNUSED_VARIABLE = YES;
				MACOSX_DEPLOYMENT_TARGET = 10.10;
				MTL_ENABLE_DEBUG_INFO = NO;
				SDKROOT = macosx;
			};
			name = Release;
		};
		6C645D4A1B4465CE00ED4746 /* Debug */ = {
			isa = XCBuildConfiguration;
			buildSettings = {
				PRODUCT_NAME = JustForFun;
			};
			name = Debug;
		};
		6C645D4B1B4465CE00ED4746 /* Release */ = {
			isa = XCBuildConfiguration;
			buildSettings = {
				PRODUCT_NAME = JustForFun;
			};
			name = Release;
		};
		6C645D581B446A5200ED4746 /* Debug */ = {
			isa = XCBuildConfiguration;
			buildSettings = {
				PRODUCT_NAME = JustForFun;
				SWIFT_OPTIMIZATION_LEVEL = "-Onone";
			};
			name = Debug;
		};
		6C645D591B446A5200ED4746 /* Release */ = {
			isa = XCBuildConfiguration;
			buildSettings = {
				PRODUCT_NAME = JustForFun;
			};
			name = Release;
		};
		6C645D661B446E6A00ED4746 /* Debug */ = {
			isa = XCBuildConfiguration;
			buildSettings = {
				PRODUCT_NAME = "$(TARGET_NAME)";
				SWIFT_OPTIMIZATION_LEVEL = "-Onone";
			};
			name = Debug;
		};
		6C645D671B446E6A00ED4746 /* Release */ = {
			isa = XCBuildConfiguration;
			buildSettings = {
				PRODUCT_NAME = "$(TARGET_NAME)";
			};
			name = Release;
		};
		6C645D721B446F3800ED4746 /* Debug */ = {
			isa = XCBuildConfiguration;
			buildSettings = {
				PRODUCT_NAME = "$(TARGET_NAME)";
			};
			name = Debug;
		};
		6C645D731B446F3800ED4746 /* Release */ = {
			isa = XCBuildConfiguration;
			buildSettings = {
				PRODUCT_NAME = "$(TARGET_NAME)";
			};
			name = Release;
		};
		6C83FABD1B4579830002F9B9 /* Debug */ = {
			isa = XCBuildConfiguration;
			buildSettings = {
				CLANG_ENABLE_MODULES = YES;
				FRAMEWORK_SEARCH_PATHS = (
					"$(inherited)",
					"$(LOCAL_LIBRARY_DIR)/Frameworks",
				);
				LD_RUNPATH_SEARCH_PATHS = "$(inherited) @executable_path/../Frameworks @loader_path/../Frameworks";
				PRODUCT_NAME = "$(TARGET_NAME)";
				SWIFT_OBJC_BRIDGING_HEADER = "GameOfLifeSprite/GameOfLife-Bridging-Header.h";
				SWIFT_OPTIMIZATION_LEVEL = "-Onone";
			};
			name = Debug;
		};
		6C83FABE1B4579830002F9B9 /* Release */ = {
			isa = XCBuildConfiguration;
			buildSettings = {
				CLANG_ENABLE_MODULES = YES;
				FRAMEWORK_SEARCH_PATHS = (
					"$(inherited)",
					"$(LOCAL_LIBRARY_DIR)/Frameworks",
				);
				LD_RUNPATH_SEARCH_PATHS = "$(inherited) @executable_path/../Frameworks @loader_path/../Frameworks";
				PRODUCT_NAME = "$(TARGET_NAME)";
				SWIFT_OBJC_BRIDGING_HEADER = "GameOfLifeSprite/GameOfLife-Bridging-Header.h";
			};
			name = Release;
		};
		6C83FAE91B45E1CA0002F9B9 /* Debug */ = {
			isa = XCBuildConfiguration;
			buildSettings = {
				ASSETCATALOG_COMPILER_APPICON_NAME = AppIcon;
				CLANG_ENABLE_MODULES = YES;
				CODE_SIGN_IDENTITY = "Developer ID Application";
				COMBINE_HIDPI_IMAGES = YES;
				INFOPLIST_FILE = GameOfLifeSprite/Info.plist;
				LD_RUNPATH_SEARCH_PATHS = "$(inherited) @executable_path/../Frameworks";
				PRODUCT_BUNDLE_IDENTIFIER = com.rattle.GameOfLifeSprite;
				PRODUCT_NAME = "$(TARGET_NAME)";
				SWIFT_OBJC_BRIDGING_HEADER = "GameOfLifeSprite/GameOfLifeSprite-Bridging-Header.h";
				SWIFT_OPTIMIZATION_LEVEL = "-Onone";
			};
			name = Debug;
		};
		6C83FAEA1B45E1CA0002F9B9 /* Release */ = {
			isa = XCBuildConfiguration;
			buildSettings = {
				ASSETCATALOG_COMPILER_APPICON_NAME = AppIcon;
				CLANG_ENABLE_MODULES = YES;
				CODE_SIGN_IDENTITY = "Developer ID Application";
				COMBINE_HIDPI_IMAGES = YES;
				INFOPLIST_FILE = GameOfLifeSprite/Info.plist;
				LD_RUNPATH_SEARCH_PATHS = "$(inherited) @executable_path/../Frameworks";
				PRODUCT_BUNDLE_IDENTIFIER = com.rattle.GameOfLifeSprite;
				PRODUCT_NAME = "$(TARGET_NAME)";
				SWIFT_OBJC_BRIDGING_HEADER = "GameOfLifeSprite/GameOfLifeSprite-Bridging-Header.h";
			};
			name = Release;
		};
		6C83FAEC1B45E1CA0002F9B9 /* Debug */ = {
			isa = XCBuildConfiguration;
			buildSettings = {
				BUNDLE_LOADER = "$(TEST_HOST)";
				COMBINE_HIDPI_IMAGES = YES;
				INFOPLIST_FILE = GameOfLifeSpriteTests/Info.plist;
				LD_RUNPATH_SEARCH_PATHS = "$(inherited) @executable_path/../Frameworks @loader_path/../Frameworks";
				PRODUCT_BUNDLE_IDENTIFIER = com.rattle.GameOfLifeSpriteTests;
				PRODUCT_NAME = "$(TARGET_NAME)";
				TEST_HOST = "$(BUILT_PRODUCTS_DIR)/GameOfLifeSprite.app/Contents/MacOS/GameOfLifeSprite";
			};
			name = Debug;
		};
		6C83FAED1B45E1CA0002F9B9 /* Release */ = {
			isa = XCBuildConfiguration;
			buildSettings = {
				BUNDLE_LOADER = "$(TEST_HOST)";
				COMBINE_HIDPI_IMAGES = YES;
				INFOPLIST_FILE = GameOfLifeSpriteTests/Info.plist;
				LD_RUNPATH_SEARCH_PATHS = "$(inherited) @executable_path/../Frameworks @loader_path/../Frameworks";
				PRODUCT_BUNDLE_IDENTIFIER = com.rattle.GameOfLifeSpriteTests;
				PRODUCT_NAME = "$(TARGET_NAME)";
				TEST_HOST = "$(BUILT_PRODUCTS_DIR)/GameOfLifeSprite.app/Contents/MacOS/GameOfLifeSprite";
			};
			name = Release;
		};
		6C83FAEF1B45E1CA0002F9B9 /* Debug */ = {
			isa = XCBuildConfiguration;
			buildSettings = {
				COMBINE_HIDPI_IMAGES = YES;
				INFOPLIST_FILE = GameOfLifeSpriteUITests/Info.plist;
				LD_RUNPATH_SEARCH_PATHS = "$(inherited) @executable_path/../Frameworks @loader_path/../Frameworks";
				PRODUCT_BUNDLE_IDENTIFIER = com.rattle.GameOfLifeSpriteUITests;
				PRODUCT_NAME = "$(TARGET_NAME)";
				TEST_TARGET_NAME = GameOfLifeSprite;
				USES_XCTRUNNER = YES;
			};
			name = Debug;
		};
		6C83FAF01B45E1CA0002F9B9 /* Release */ = {
			isa = XCBuildConfiguration;
			buildSettings = {
				COMBINE_HIDPI_IMAGES = YES;
				INFOPLIST_FILE = GameOfLifeSpriteUITests/Info.plist;
				LD_RUNPATH_SEARCH_PATHS = "$(inherited) @executable_path/../Frameworks @loader_path/../Frameworks";
				PRODUCT_BUNDLE_IDENTIFIER = com.rattle.GameOfLifeSpriteUITests;
				PRODUCT_NAME = "$(TARGET_NAME)";
				TEST_TARGET_NAME = GameOfLifeSprite;
				USES_XCTRUNNER = YES;
			};
			name = Release;
		};
		6CCE3ABF1B455FC600944D9F /* Debug */ = {
			isa = XCBuildConfiguration;
			buildSettings = {
				PRODUCT_NAME = "$(TARGET_NAME)";
			};
			name = Debug;
		};
		6CCE3AC01B455FC600944D9F /* Release */ = {
			isa = XCBuildConfiguration;
			buildSettings = {
				PRODUCT_NAME = "$(TARGET_NAME)";
			};
			name = Release;
		};
/* End XCBuildConfiguration section */

/* Begin XCConfigurationList section */
		5072F3811B4E660E00A1EF07 /* Build configuration list for PBXNativeTarget "BasicKnoledge" */ = {
			isa = XCConfigurationList;
			buildConfigurations = (
				5072F3821B4E660E00A1EF07 /* Debug */,
				5072F3831B4E660E00A1EF07 /* Release */,
			);
			defaultConfigurationIsVisible = 0;
			defaultConfigurationName = Release;
		};
		5072F38F1B4E69CD00A1EF07 /* Build configuration list for PBXNativeTarget "BacicCPP" */ = {
			isa = XCConfigurationList;
			buildConfigurations = (
				5072F3901B4E69CD00A1EF07 /* Debug */,
				5072F3911B4E69CD00A1EF07 /* Release */,
			);
			defaultConfigurationIsVisible = 0;
			defaultConfigurationName = Release;
		};
		50CF45591B5F947E009EF64C /* Build configuration list for PBXNativeTarget "PixelControll" */ = {
			isa = XCConfigurationList;
			buildConfigurations = (
				50CF455A1B5F947E009EF64C /* Debug */,
				50CF455B1B5F947E009EF64C /* Release */,
			);
			defaultConfigurationIsVisible = 0;
		};
		6C645D3D1B4465CE00ED4746 /* Build configuration list for PBXProject "JustForFun" */ = {
			isa = XCConfigurationList;
			buildConfigurations = (
				6C645D471B4465CE00ED4746 /* Debug */,
				6C645D481B4465CE00ED4746 /* Release */,
			);
			defaultConfigurationIsVisible = 0;
			defaultConfigurationName = Release;
		};
		6C645D491B4465CE00ED4746 /* Build configuration list for PBXNativeTarget "JustForFun" */ = {
			isa = XCConfigurationList;
			buildConfigurations = (
				6C645D4A1B4465CE00ED4746 /* Debug */,
				6C645D4B1B4465CE00ED4746 /* Release */,
			);
			defaultConfigurationIsVisible = 0;
			defaultConfigurationName = Release;
		};
		6C645D571B446A5200ED4746 /* Build configuration list for PBXNativeTarget "SwiftJustForFun" */ = {
			isa = XCConfigurationList;
			buildConfigurations = (
				6C645D581B446A5200ED4746 /* Debug */,
				6C645D591B446A5200ED4746 /* Release */,
			);
			defaultConfigurationIsVisible = 0;
			defaultConfigurationName = Release;
		};
		6C645D651B446E6A00ED4746 /* Build configuration list for PBXNativeTarget "99GreenBottles" */ = {
			isa = XCConfigurationList;
			buildConfigurations = (
				6C645D661B446E6A00ED4746 /* Debug */,
				6C645D671B446E6A00ED4746 /* Release */,
			);
			defaultConfigurationIsVisible = 0;
			defaultConfigurationName = Release;
		};
		6C645D711B446F3800ED4746 /* Build configuration list for PBXNativeTarget "99GreenBottlesCPP" */ = {
			isa = XCConfigurationList;
			buildConfigurations = (
				6C645D721B446F3800ED4746 /* Debug */,
				6C645D731B446F3800ED4746 /* Release */,
			);
			defaultConfigurationIsVisible = 0;
			defaultConfigurationName = Release;
		};
		6C83FABF1B4579830002F9B9 /* Build configuration list for PBXNativeTarget "GameOfLife" */ = {
			isa = XCConfigurationList;
			buildConfigurations = (
				6C83FABD1B4579830002F9B9 /* Debug */,
				6C83FABE1B4579830002F9B9 /* Release */,
			);
			defaultConfigurationIsVisible = 0;
			defaultConfigurationName = Release;
		};
		6C83FAE81B45E1CA0002F9B9 /* Build configuration list for PBXNativeTarget "GameOfLifeSprite" */ = {
			isa = XCConfigurationList;
			buildConfigurations = (
				6C83FAE91B45E1CA0002F9B9 /* Debug */,
				6C83FAEA1B45E1CA0002F9B9 /* Release */,
			);
			defaultConfigurationIsVisible = 0;
			defaultConfigurationName = Release;
		};
		6C83FAEB1B45E1CA0002F9B9 /* Build configuration list for PBXNativeTarget "GameOfLifeSpriteTests" */ = {
			isa = XCConfigurationList;
			buildConfigurations = (
				6C83FAEC1B45E1CA0002F9B9 /* Debug */,
				6C83FAED1B45E1CA0002F9B9 /* Release */,
			);
			defaultConfigurationIsVisible = 0;
			defaultConfigurationName = Release;
		};
		6C83FAEE1B45E1CA0002F9B9 /* Build configuration list for PBXNativeTarget "GameOfLifeSpriteUITests" */ = {
			isa = XCConfigurationList;
			buildConfigurations = (
				6C83FAEF1B45E1CA0002F9B9 /* Debug */,
				6C83FAF01B45E1CA0002F9B9 /* Release */,
			);
			defaultConfigurationIsVisible = 0;
			defaultConfigurationName = Release;
		};
		6CCE3ABE1B455FC600944D9F /* Build configuration list for PBXNativeTarget "LiteratyLogincObjc" */ = {
			isa = XCConfigurationList;
			buildConfigurations = (
				6CCE3ABF1B455FC600944D9F /* Debug */,
				6CCE3AC01B455FC600944D9F /* Release */,
			);
			defaultConfigurationIsVisible = 0;
			defaultConfigurationName = Release;
		};
/* End XCConfigurationList section */
	};
	rootObject = 6C645D3A1B4465CE00ED4746 /* Project object */;
}
